dependencies:
  espressif/esp_lcd_sh1107:
    component_hash: 9cc00a4d066e3e1d120fd2006d30612766488379b820804092a9bfedb3c1f93c
    source:
      storage_url: file:///C:/Espressif/registry
      type: service
    version: 1.1.0
  espressif/esp_lvgl_port:
    component_hash: b43dc04720d126cbfe14d53a84787e4c24b7bd7f15468e224c930ad3ffb32258
    source:
      storage_url: file:///C:/Espressif/registry
      type: service
    version: 1.4.0
  idf:
    component_hash: null
    source:
      type: idf
    version: 5.2.2
  lvgl/lvgl:
    component_hash: 948bff879a345149b83065535bbc4a026ce9f47498a22881e432a264b9098015
    source:
      storage_url: file:///C:/Espressif/registry
      type: service
    version: 8.3.11
manifest_hash: 6c2450393b570508b8b644d0252b553679784459d6da4a913b993e5710387ede
target: esp32c3
version: 1.0.0
